
Microsoft Visual Studio Solution File, Format Version 12.00
# Visual Studio Express 2012 for Web
Project("{FAE04EC0-301F-11D3-BF4B-00C04F79EFBC}") = "CollateralService", "CollateralService\CollateralService.csproj", "{E97BA892-444E-4D5A-A4F5-7A26B77400D2}"
EndProject
Project("{FAE04EC0-301F-11D3-BF4B-00C04F79EFBC}") = "DataLayer", "DataLayer\DataLayer.csproj", "{B2785AB0-3CB3-4EB8-9516-79BC83465879}"
EndProject
Project("{FAE04EC0-301F-11D3-BF4B-00C04F79EFBC}") = "LogEntryClassLib", "..\..\..\POC\WordAddIn\LogEntryClassLib\LogEntryClassLib.csproj", "{837CBDCF-FC4B-4596-B2A4-D06EBA3E5DE1}"
EndProject
Project("{FAE04EC0-301F-11D3-BF4B-00C04F79EFBC}") = "tmg.equinox.generatecollateral", "..\tmg.equinox.generatecollateral\tmg.equinox.generatecollateral.csproj", "{61680A5B-860C-4582-9559-13C64219A8C6}"
EndProject
Global
	GlobalSection(SolutionConfigurationPlatforms) = preSolution
		Debug|Any CPU = Debug|Any CPU
		Release|Any CPU = Release|Any CPU
	EndGlobalSection
	GlobalSection(ProjectConfigurationPlatforms) = postSolution
		{E97BA892-444E-4D5A-A4F5-7A26B77400D2}.Debug|Any CPU.ActiveCfg = Debug|Any CPU
		{E97BA892-444E-4D5A-A4F5-7A26B77400D2}.Debug|Any CPU.Build.0 = Debug|Any CPU
		{E97BA892-444E-4D5A-A4F5-7A26B77400D2}.Release|Any CPU.ActiveCfg = Release|Any CPU
		{E97BA892-444E-4D5A-A4F5-7A26B77400D2}.Release|Any CPU.Build.0 = Release|Any CPU
		{B2785AB0-3CB3-4EB8-9516-79BC83465879}.Debug|Any CPU.ActiveCfg = Debug|Any CPU
		{B2785AB0-3CB3-4EB8-9516-79BC83465879}.Debug|Any CPU.Build.0 = Debug|Any CPU
		{B2785AB0-3CB3-4EB8-9516-79BC83465879}.Release|Any CPU.ActiveCfg = Release|Any CPU
		{B2785AB0-3CB3-4EB8-9516-79BC83465879}.Release|Any CPU.Build.0 = Release|Any CPU
		{837CBDCF-FC4B-4596-B2A4-D06EBA3E5DE1}.Debug|Any CPU.ActiveCfg = Debug|Any CPU
		{837CBDCF-FC4B-4596-B2A4-D06EBA3E5DE1}.Debug|Any CPU.Build.0 = Debug|Any CPU
		{837CBDCF-FC4B-4596-B2A4-D06EBA3E5DE1}.Release|Any CPU.ActiveCfg = Release|Any CPU
		{837CBDCF-FC4B-4596-B2A4-D06EBA3E5DE1}.Release|Any CPU.Build.0 = Release|Any CPU
		{61680A5B-860C-4582-9559-13C64219A8C6}.Debug|Any CPU.ActiveCfg = Debug|Any CPU
		{61680A5B-860C-4582-9559-13C64219A8C6}.Debug|Any CPU.Build.0 = Debug|Any CPU
		{61680A5B-860C-4582-9559-13C64219A8C6}.Release|Any CPU.ActiveCfg = Release|Any CPU
		{61680A5B-860C-4582-9559-13C64219A8C6}.Release|Any CPU.Build.0 = Release|Any CPU
	EndGlobalSection
	GlobalSection(SolutionProperties) = preSolution
		HideSolutionNode = FALSE
	EndGlobalSection
EndGlobal
